// !$*UTF8*$!
{
	archiveVersion = 1;
	classes = {
	};
	objectVersion = 56;
	objects = {

/* Begin PBXBuildFile section */
		B782E6062D1237C900BCC838 /* Alamofire in Frameworks */ = {isa = PBXBuildFile; productRef = B782E6052D1237C900BCC838 /* Alamofire */; };
		B782E6082D12381300BCC838 /* Categoria.swift in Sources */ = {isa = PBXBuildFile; fileRef = B782E6072D12381300BCC838 /* Categoria.swift */; };
		B782E60A2D12385300BCC838 /* CategoriaService.swift in Sources */ = {isa = PBXBuildFile; fileRef = B782E6092D12385300BCC838 /* CategoriaService.swift */; };
		B782E60C2D12394D00BCC838 /* CategoriaViewModel.swift in Sources */ = {isa = PBXBuildFile; fileRef = B782E60B2D12394D00BCC838 /* CategoriaViewModel.swift */; };
		C196505A2D0B1B7A002E7E7E /* DAMII_ProyectoApp.swift in Sources */ = {isa = PBXBuildFile; fileRef = C19650592D0B1B7A002E7E7E /* DAMII_ProyectoApp.swift */; };
		C196505C2D0B1B7A002E7E7E /* ContentView.swift in Sources */ = {isa = PBXBuildFile; fileRef = C196505B2D0B1B7A002E7E7E /* ContentView.swift */; };
		C196505E2D0B1B81002E7E7E /* Assets.xcassets in Resources */ = {isa = PBXBuildFile; fileRef = C196505D2D0B1B81002E7E7E /* Assets.xcassets */; };
		C19650612D0B1B81002E7E7E /* Preview Assets.xcassets in Resources */ = {isa = PBXBuildFile; fileRef = C19650602D0B1B81002E7E7E /* Preview Assets.xcassets */; };
		C19650662D0B1B81002E7E7E /* DAMII_Proyecto.xcdatamodeld in Sources */ = {isa = PBXBuildFile; fileRef = C19650642D0B1B81002E7E7E /* DAMII_Proyecto.xcdatamodeld */; };
		C196506D2D0B1F4F002E7E7E /* Persistence.swift in Sources */ = {isa = PBXBuildFile; fileRef = C196506C2D0B1F4F002E7E7E /* Persistence.swift */; };
		C196506F2D0B2050002E7E7E /* ListaComprasView.swift in Sources */ = {isa = PBXBuildFile; fileRef = C196506E2D0B2050002E7E7E /* ListaComprasView.swift */; };
		C19650712D0B2626002E7E7E /* RegistroArticuloView.swift in Sources */ = {isa = PBXBuildFile; fileRef = C19650702D0B2626002E7E7E /* RegistroArticuloView.swift */; };
		C19650752D0B304B002E7E7E /* CustomText01.swift in Sources */ = {isa = PBXBuildFile; fileRef = C19650742D0B304B002E7E7E /* CustomText01.swift */; };
		C19650772D0B417A002E7E7E /* ExpandableFAB.swift in Sources */ = {isa = PBXBuildFile; fileRef = C19650762D0B417A002E7E7E /* ExpandableFAB.swift */; };
		C196507B2D0B62BC002E7E7E /* CustomTextField01.swift in Sources */ = {isa = PBXBuildFile; fileRef = C196507A2D0B62BC002E7E7E /* CustomTextField01.swift */; };
		C196507D2D0B6CA1002E7E7E /* DetalleArticuloView.swift in Sources */ = {isa = PBXBuildFile; fileRef = C196507C2D0B6CA1002E7E7E /* DetalleArticuloView.swift */; };
		C196507F2D0B7455002E7E7E /* EditarArticuloView.swift in Sources */ = {isa = PBXBuildFile; fileRef = C196507E2D0B7455002E7E7E /* EditarArticuloView.swift */; };
		C19650832D0B8D82002E7E7E /* ListaComprasItem.swift in Sources */ = {isa = PBXBuildFile; fileRef = C19650822D0B8D82002E7E7E /* ListaComprasItem.swift */; };
		C19650852D0BA199002E7E7E /* CustomButton01.swift in Sources */ = {isa = PBXBuildFile; fileRef = C19650842D0BA199002E7E7E /* CustomButton01.swift */; };
		C19650872D0BA3CD002E7E7E /* CustomToggle01.swift in Sources */ = {isa = PBXBuildFile; fileRef = C19650862D0BA3CD002E7E7E /* CustomToggle01.swift */; };
		C19650892D0BA4DB002E7E7E /* CustomFABButton01.swift in Sources */ = {isa = PBXBuildFile; fileRef = C19650882D0BA4DB002E7E7E /* CustomFABButton01.swift */; };
		C196508B2D0BB1B0002E7E7E /* ResumenComprasView.swift in Sources */ = {isa = PBXBuildFile; fileRef = C196508A2D0BB1B0002E7E7E /* ResumenComprasView.swift */; };
/* End PBXBuildFile section */

/* Begin PBXFileReference section */
		B782E6072D12381300BCC838 /* Categoria.swift */ = {isa = PBXFileReference; lastKnownFileType = sourcecode.swift; path = Categoria.swift; sourceTree = "<group>"; };
		B782E6092D12385300BCC838 /* CategoriaService.swift */ = {isa = PBXFileReference; lastKnownFileType = sourcecode.swift; path = CategoriaService.swift; sourceTree = "<group>"; };
		B782E60B2D12394D00BCC838 /* CategoriaViewModel.swift */ = {isa = PBXFileReference; lastKnownFileType = sourcecode.swift; path = CategoriaViewModel.swift; sourceTree = "<group>"; };
		C19650562D0B1B7A002E7E7E /* DAMII_Proyecto.app */ = {isa = PBXFileReference; explicitFileType = wrapper.application; includeInIndex = 0; path = DAMII_Proyecto.app; sourceTree = BUILT_PRODUCTS_DIR; };
		C19650592D0B1B7A002E7E7E /* DAMII_ProyectoApp.swift */ = {isa = PBXFileReference; lastKnownFileType = sourcecode.swift; path = DAMII_ProyectoApp.swift; sourceTree = "<group>"; };
		C196505B2D0B1B7A002E7E7E /* ContentView.swift */ = {isa = PBXFileReference; lastKnownFileType = sourcecode.swift; path = ContentView.swift; sourceTree = "<group>"; };
		C196505D2D0B1B81002E7E7E /* Assets.xcassets */ = {isa = PBXFileReference; lastKnownFileType = folder.assetcatalog; path = Assets.xcassets; sourceTree = "<group>"; };
		C19650602D0B1B81002E7E7E /* Preview Assets.xcassets */ = {isa = PBXFileReference; lastKnownFileType = folder.assetcatalog; path = "Preview Assets.xcassets"; sourceTree = "<group>"; };
		C19650652D0B1B81002E7E7E /* DAMII_Proyecto.xcdatamodel */ = {isa = PBXFileReference; lastKnownFileType = wrapper.xcdatamodel; path = DAMII_Proyecto.xcdatamodel; sourceTree = "<group>"; };
		C196506C2D0B1F4F002E7E7E /* Persistence.swift */ = {isa = PBXFileReference; lastKnownFileType = sourcecode.swift; path = Persistence.swift; sourceTree = "<group>"; };
		C196506E2D0B2050002E7E7E /* ListaComprasView.swift */ = {isa = PBXFileReference; lastKnownFileType = sourcecode.swift; path = ListaComprasView.swift; sourceTree = "<group>"; };
		C19650702D0B2626002E7E7E /* RegistroArticuloView.swift */ = {isa = PBXFileReference; lastKnownFileType = sourcecode.swift; path = RegistroArticuloView.swift; sourceTree = "<group>"; };
		C19650742D0B304B002E7E7E /* CustomText01.swift */ = {isa = PBXFileReference; lastKnownFileType = sourcecode.swift; path = CustomText01.swift; sourceTree = "<group>"; };
		C19650762D0B417A002E7E7E /* ExpandableFAB.swift */ = {isa = PBXFileReference; lastKnownFileType = sourcecode.swift; path = ExpandableFAB.swift; sourceTree = "<group>"; };
		C196507A2D0B62BC002E7E7E /* CustomTextField01.swift */ = {isa = PBXFileReference; lastKnownFileType = sourcecode.swift; path = CustomTextField01.swift; sourceTree = "<group>"; };
		C196507C2D0B6CA1002E7E7E /* DetalleArticuloView.swift */ = {isa = PBXFileReference; lastKnownFileType = sourcecode.swift; path = DetalleArticuloView.swift; sourceTree = "<group>"; };
		C196507E2D0B7455002E7E7E /* EditarArticuloView.swift */ = {isa = PBXFileReference; lastKnownFileType = sourcecode.swift; path = EditarArticuloView.swift; sourceTree = "<group>"; };
		C19650822D0B8D82002E7E7E /* ListaComprasItem.swift */ = {isa = PBXFileReference; lastKnownFileType = sourcecode.swift; path = ListaComprasItem.swift; sourceTree = "<group>"; };
		C19650842D0BA199002E7E7E /* CustomButton01.swift */ = {isa = PBXFileReference; lastKnownFileType = sourcecode.swift; path = CustomButton01.swift; sourceTree = "<group>"; };
		C19650862D0BA3CD002E7E7E /* CustomToggle01.swift */ = {isa = PBXFileReference; lastKnownFileType = sourcecode.swift; path = CustomToggle01.swift; sourceTree = "<group>"; };
		C19650882D0BA4DB002E7E7E /* CustomFABButton01.swift */ = {isa = PBXFileReference; lastKnownFileType = sourcecode.swift; path = CustomFABButton01.swift; sourceTree = "<group>"; };
		C196508A2D0BB1B0002E7E7E /* ResumenComprasView.swift */ = {isa = PBXFileReference; lastKnownFileType = sourcecode.swift; path = ResumenComprasView.swift; sourceTree = "<group>"; };
/* End PBXFileReference section */

/* Begin PBXFrameworksBuildPhase section */
		C19650532D0B1B7A002E7E7E /* Frameworks */ = {
			isa = PBXFrameworksBuildPhase;
			buildActionMask = 2147483647;
			files = (
				B782E6062D1237C900BCC838 /* Alamofire in Frameworks */,
			);
			runOnlyForDeploymentPostprocessing = 0;
		};
/* End PBXFrameworksBuildPhase section */

/* Begin PBXGroup section */
		C196504D2D0B1B7A002E7E7E = {
			isa = PBXGroup;
			children = (
				C19650582D0B1B7A002E7E7E /* DAMII_Proyecto */,
				C19650572D0B1B7A002E7E7E /* Products */,
			);
			sourceTree = "<group>";
		};
		C19650572D0B1B7A002E7E7E /* Products */ = {
			isa = PBXGroup;
			children = (
				C19650562D0B1B7A002E7E7E /* DAMII_Proyecto.app */,
			);
			name = Products;
			sourceTree = "<group>";
		};
		C19650582D0B1B7A002E7E7E /* DAMII_Proyecto */ = {
			isa = PBXGroup;
			children = (
				C19650592D0B1B7A002E7E7E /* DAMII_ProyectoApp.swift */,
				C196505B2D0B1B7A002E7E7E /* ContentView.swift */,
				C196505D2D0B1B81002E7E7E /* Assets.xcassets */,
				C19650642D0B1B81002E7E7E /* DAMII_Proyecto.xcdatamodeld */,
				C196505F2D0B1B81002E7E7E /* Preview Content */,
				C196506C2D0B1F4F002E7E7E /* Persistence.swift */,
				C196506E2D0B2050002E7E7E /* ListaComprasView.swift */,
				C19650702D0B2626002E7E7E /* RegistroArticuloView.swift */,
				C19650742D0B304B002E7E7E /* CustomText01.swift */,
				C19650762D0B417A002E7E7E /* ExpandableFAB.swift */,
				C196507A2D0B62BC002E7E7E /* CustomTextField01.swift */,
				C196507C2D0B6CA1002E7E7E /* DetalleArticuloView.swift */,
				C196507E2D0B7455002E7E7E /* EditarArticuloView.swift */,
				C19650822D0B8D82002E7E7E /* ListaComprasItem.swift */,
				C19650842D0BA199002E7E7E /* CustomButton01.swift */,
				C19650862D0BA3CD002E7E7E /* CustomToggle01.swift */,
				C19650882D0BA4DB002E7E7E /* CustomFABButton01.swift */,
				C196508A2D0BB1B0002E7E7E /* ResumenComprasView.swift */,
				B782E6072D12381300BCC838 /* Categoria.swift */,
				B782E6092D12385300BCC838 /* CategoriaService.swift */,
				B782E60B2D12394D00BCC838 /* CategoriaViewModel.swift */,
			);
			path = DAMII_Proyecto;
			sourceTree = "<group>";
		};
		C196505F2D0B1B81002E7E7E /* Preview Content */ = {
			isa = PBXGroup;
			children = (
				C19650602D0B1B81002E7E7E /* Preview Assets.xcassets */,
			);
			path = "Preview Content";
			sourceTree = "<group>";
		};
/* End PBXGroup section */

/* Begin PBXNativeTarget section */
		C19650552D0B1B7A002E7E7E /* DAMII_Proyecto */ = {
			isa = PBXNativeTarget;
			buildConfigurationList = C19650692D0B1B81002E7E7E /* Build configuration list for PBXNativeTarget "DAMII_Proyecto" */;
			buildPhases = (
				C19650522D0B1B7A002E7E7E /* Sources */,
				C19650532D0B1B7A002E7E7E /* Frameworks */,
				C19650542D0B1B7A002E7E7E /* Resources */,
			);
			buildRules = (
			);
			dependencies = (
			);
			name = DAMII_Proyecto;
			packageProductDependencies = (
				B782E6052D1237C900BCC838 /* Alamofire */,
			);
			productName = DAMII_Proyecto;
			productReference = C19650562D0B1B7A002E7E7E /* DAMII_Proyecto.app */;
			productType = "com.apple.product-type.application";
		};
/* End PBXNativeTarget section */

/* Begin PBXProject section */
		C196504E2D0B1B7A002E7E7E /* Project object */ = {
			isa = PBXProject;
			attributes = {
				BuildIndependentTargetsInParallel = 1;
				LastSwiftUpdateCheck = 1400;
				LastUpgradeCheck = 1400;
				TargetAttributes = {
					C19650552D0B1B7A002E7E7E = {
						CreatedOnToolsVersion = 14.0.1;
					};
				};
			};
			buildConfigurationList = C19650512D0B1B7A002E7E7E /* Build configuration list for PBXProject "DAMII_Proyecto" */;
			compatibilityVersion = "Xcode 14.0";
			developmentRegion = en;
			hasScannedForEncodings = 0;
			knownRegions = (
				en,
				Base,
			);
			mainGroup = C196504D2D0B1B7A002E7E7E;
			packageReferences = (
				B782E6042D1237C900BCC838 /* XCRemoteSwiftPackageReference "Alamofire" */,
			);
			productRefGroup = C19650572D0B1B7A002E7E7E /* Products */;
			projectDirPath = "";
			projectRoot = "";
			targets = (
				C19650552D0B1B7A002E7E7E /* DAMII_Proyecto */,
			);
		};
/* End PBXProject section */

/* Begin PBXResourcesBuildPhase section */
		C19650542D0B1B7A002E7E7E /* Resources */ = {
			isa = PBXResourcesBuildPhase;
			buildActionMask = 2147483647;
			files = (
				C19650612D0B1B81002E7E7E /* Preview Assets.xcassets in Resources */,
				C196505E2D0B1B81002E7E7E /* Assets.xcassets in Resources */,
			);
			runOnlyForDeploymentPostprocessing = 0;
		};
/* End PBXResourcesBuildPhase section */

/* Begin PBXSourcesBuildPhase section */
		C19650522D0B1B7A002E7E7E /* Sources */ = {
			isa = PBXSourcesBuildPhase;
			buildActionMask = 2147483647;
			files = (
				C196505C2D0B1B7A002E7E7E /* ContentView.swift in Sources */,
				C19650852D0BA199002E7E7E /* CustomButton01.swift in Sources */,
				C196508B2D0BB1B0002E7E7E /* ResumenComprasView.swift in Sources */,
				C196506D2D0B1F4F002E7E7E /* Persistence.swift in Sources */,
				C19650712D0B2626002E7E7E /* RegistroArticuloView.swift in Sources */,
				C19650772D0B417A002E7E7E /* ExpandableFAB.swift in Sources */,
				C196506F2D0B2050002E7E7E /* ListaComprasView.swift in Sources */,
				C19650832D0B8D82002E7E7E /* ListaComprasItem.swift in Sources */,
				C196505A2D0B1B7A002E7E7E /* DAMII_ProyectoApp.swift in Sources */,
				B782E60A2D12385300BCC838 /* CategoriaService.swift in Sources */,
				C19650892D0BA4DB002E7E7E /* CustomFABButton01.swift in Sources */,
				C196507B2D0B62BC002E7E7E /* CustomTextField01.swift in Sources */,
				B782E60C2D12394D00BCC838 /* CategoriaViewModel.swift in Sources */,
				B782E6082D12381300BCC838 /* Categoria.swift in Sources */,
				C19650872D0BA3CD002E7E7E /* CustomToggle01.swift in Sources */,
				C19650662D0B1B81002E7E7E /* DAMII_Proyecto.xcdatamodeld in Sources */,
				C19650752D0B304B002E7E7E /* CustomText01.swift in Sources */,
				C196507D2D0B6CA1002E7E7E /* DetalleArticuloView.swift in Sources */,
				C196507F2D0B7455002E7E7E /* EditarArticuloView.swift in Sources */,
			);
			runOnlyForDeploymentPostprocessing = 0;
		};
/* End PBXSourcesBuildPhase section */

/* Begin XCBuildConfiguration section */
		C19650672D0B1B81002E7E7E /* Debug */ = {
			isa = XCBuildConfiguration;
			buildSettings = {
				ALWAYS_SEARCH_USER_PATHS = NO;
				CLANG_ANALYZER_NONNULL = YES;
				CLANG_ANALYZER_NUMBER_OBJECT_CONVERSION = YES_AGGRESSIVE;
				CLANG_CXX_LANGUAGE_STANDARD = "gnu++20";
				CLANG_ENABLE_MODULES = YES;
				CLANG_ENABLE_OBJC_ARC = YES;
				CLANG_ENABLE_OBJC_WEAK = YES;
				CLANG_WARN_BLOCK_CAPTURE_AUTORELEASING = YES;
				CLANG_WARN_BOOL_CONVERSION = YES;
				CLANG_WARN_COMMA = YES;
				CLANG_WARN_CONSTANT_CONVERSION = YES;
				CLANG_WARN_DEPRECATED_OBJC_IMPLEMENTATIONS = YES;
				CLANG_WARN_DIRECT_OBJC_ISA_USAGE = YES_ERROR;
				CLANG_WARN_DOCUMENTATION_COMMENTS = YES;
				CLANG_WARN_EMPTY_BODY = YES;
				CLANG_WARN_ENUM_CONVERSION = YES;
				CLANG_WARN_INFINITE_RECURSION = YES;
				CLANG_WARN_INT_CONVERSION = YES;
				CLANG_WARN_NON_LITERAL_NULL_CONVERSION = YES;
				CLANG_WARN_OBJC_IMPLICIT_RETAIN_SELF = YES;
				CLANG_WARN_OBJC_LITERAL_CONVERSION = YES;
				CLANG_WARN_OBJC_ROOT_CLASS = YES_ERROR;
				CLANG_WARN_QUOTED_INCLUDE_IN_FRAMEWORK_HEADER = YES;
				CLANG_WARN_RANGE_LOOP_ANALYSIS = YES;
				CLANG_WARN_STRICT_PROTOTYPES = YES;
				CLANG_WARN_SUSPICIOUS_MOVE = YES;
				CLANG_WARN_UNGUARDED_AVAILABILITY = YES_AGGRESSIVE;
				CLANG_WARN_UNREACHABLE_CODE = YES;
				CLANG_WARN__DUPLICATE_METHOD_MATCH = YES;
				COPY_PHASE_STRIP = NO;
				DEBUG_INFORMATION_FORMAT = dwarf;
				ENABLE_STRICT_OBJC_MSGSEND = YES;
				ENABLE_TESTABILITY = YES;
				GCC_C_LANGUAGE_STANDARD = gnu11;
				GCC_DYNAMIC_NO_PIC = NO;
				GCC_NO_COMMON_BLOCKS = YES;
				GCC_OPTIMIZATION_LEVEL = 0;
				GCC_PREPROCESSOR_DEFINITIONS = (
					"DEBUG=1",
					"$(inherited)",
				);
				GCC_WARN_64_TO_32_BIT_CONVERSION = YES;
				GCC_WARN_ABOUT_RETURN_TYPE = YES_ERROR;
				GCC_WARN_UNDECLARED_SELECTOR = YES;
				GCC_WARN_UNINITIALIZED_AUTOS = YES_AGGRESSIVE;
				GCC_WARN_UNUSED_FUNCTION = YES;
				GCC_WARN_UNUSED_VARIABLE = YES;
				IPHONEOS_DEPLOYMENT_TARGET = 16.0;
				MTL_ENABLE_DEBUG_INFO = INCLUDE_SOURCE;
				MTL_FAST_MATH = YES;
				ONLY_ACTIVE_ARCH = YES;
				SDKROOT = iphoneos;
				SWIFT_ACTIVE_COMPILATION_CONDITIONS = DEBUG;
				SWIFT_OPTIMIZATION_LEVEL = "-Onone";
			};
			name = Debug;
		};
		C19650682D0B1B81002E7E7E /* Release */ = {
			isa = XCBuildConfiguration;
			buildSettings = {
				ALWAYS_SEARCH_USER_PATHS = NO;
				CLANG_ANALYZER_NONNULL = YES;
				CLANG_ANALYZER_NUMBER_OBJECT_CONVERSION = YES_AGGRESSIVE;
				CLANG_CXX_LANGUAGE_STANDARD = "gnu++20";
				CLANG_ENABLE_MODULES = YES;
				CLANG_ENABLE_OBJC_ARC = YES;
				CLANG_ENABLE_OBJC_WEAK = YES;
				CLANG_WARN_BLOCK_CAPTURE_AUTORELEASING = YES;
				CLANG_WARN_BOOL_CONVERSION = YES;
				CLANG_WARN_COMMA = YES;
				CLANG_WARN_CONSTANT_CONVERSION = YES;
				CLANG_WARN_DEPRECATED_OBJC_IMPLEMENTATIONS = YES;
				CLANG_WARN_DIRECT_OBJC_ISA_USAGE = YES_ERROR;
				CLANG_WARN_DOCUMENTATION_COMMENTS = YES;
				CLANG_WARN_EMPTY_BODY = YES;
				CLANG_WARN_ENUM_CONVERSION = YES;
				CLANG_WARN_INFINITE_RECURSION = YES;
				CLANG_WARN_INT_CONVERSION = YES;
				CLANG_WARN_NON_LITERAL_NULL_CONVERSION = YES;
				CLANG_WARN_OBJC_IMPLICIT_RETAIN_SELF = YES;
				CLANG_WARN_OBJC_LITERAL_CONVERSION = YES;
				CLANG_WARN_OBJC_ROOT_CLASS = YES_ERROR;
				CLANG_WARN_QUOTED_INCLUDE_IN_FRAMEWORK_HEADER = YES;
				CLANG_WARN_RANGE_LOOP_ANALYSIS = YES;
				CLANG_WARN_STRICT_PROTOTYPES = YES;
				CLANG_WARN_SUSPICIOUS_MOVE = YES;
				CLANG_WARN_UNGUARDED_AVAILABILITY = YES_AGGRESSIVE;
				CLANG_WARN_UNREACHABLE_CODE = YES;
				CLANG_WARN__DUPLICATE_METHOD_MATCH = YES;
				COPY_PHASE_STRIP = NO;
				DEBUG_INFORMATION_FORMAT = "dwarf-with-dsym";
				ENABLE_NS_ASSERTIONS = NO;
				ENABLE_STRICT_OBJC_MSGSEND = YES;
				GCC_C_LANGUAGE_STANDARD = gnu11;
				GCC_NO_COMMON_BLOCKS = YES;
				GCC_WARN_64_TO_32_BIT_CONVERSION = YES;
				GCC_WARN_ABOUT_RETURN_TYPE = YES_ERROR;
				GCC_WARN_UNDECLARED_SELECTOR = YES;
				GCC_WARN_UNINITIALIZED_AUTOS = YES_AGGRESSIVE;
				GCC_WARN_UNUSED_FUNCTION = YES;
				GCC_WARN_UNUSED_VARIABLE = YES;
				IPHONEOS_DEPLOYMENT_TARGET = 16.0;
				MTL_ENABLE_DEBUG_INFO = NO;
				MTL_FAST_MATH = YES;
				SDKROOT = iphoneos;
				SWIFT_COMPILATION_MODE = wholemodule;
				SWIFT_OPTIMIZATION_LEVEL = "-O";
				VALIDATE_PRODUCT = YES;
			};
			name = Release;
		};
		C196506A2D0B1B81002E7E7E /* Debug */ = {
			isa = XCBuildConfiguration;
			buildSettings = {
				ASSETCATALOG_COMPILER_APPICON_NAME = AppIcon;
				ASSETCATALOG_COMPILER_GLOBAL_ACCENT_COLOR_NAME = AccentColor;
				CODE_SIGN_STYLE = Automatic;
				CURRENT_PROJECT_VERSION = 1;
				DEVELOPMENT_ASSET_PATHS = "\"DAMII_Proyecto/Preview Content\"";
				ENABLE_PREVIEWS = YES;
				GENERATE_INFOPLIST_FILE = YES;
				INFOPLIST_KEY_UIApplicationSceneManifest_Generation = YES;
				INFOPLIST_KEY_UIApplicationSupportsIndirectInputEvents = YES;
				INFOPLIST_KEY_UILaunchScreen_Generation = YES;
				INFOPLIST_KEY_UISupportedInterfaceOrientations_iPad = "UIInterfaceOrientationPortrait UIInterfaceOrientationPortraitUpsideDown UIInterfaceOrientationLandscapeLeft UIInterfaceOrientationLandscapeRight";
				INFOPLIST_KEY_UISupportedInterfaceOrientations_iPhone = "UIInterfaceOrientationPortrait UIInterfaceOrientationLandscapeLeft UIInterfaceOrientationLandscapeRight";
				LD_RUNPATH_SEARCH_PATHS = (
					"$(inherited)",
					"@executable_path/Frameworks",
				);
				MARKETING_VERSION = 1.0;
				PRODUCT_BUNDLE_IDENTIFIER = "cibertec.DAMII-Proyecto";
				PRODUCT_NAME = "$(TARGET_NAME)";
				SWIFT_EMIT_LOC_STRINGS = YES;
				SWIFT_VERSION = 5.0;
				TARGETED_DEVICE_FAMILY = "1,2";
			};
			name = Debug;
		};
		C196506B2D0B1B81002E7E7E /* Release */ = {
			isa = XCBuildConfiguration;
			buildSettings = {
				ASSETCATALOG_COMPILER_APPICON_NAME = AppIcon;
				ASSETCATALOG_COMPILER_GLOBAL_ACCENT_COLOR_NAME = AccentColor;
				CODE_SIGN_STYLE = Automatic;
				CURRENT_PROJECT_VERSION = 1;
				DEVELOPMENT_ASSET_PATHS = "\"DAMII_Proyecto/Preview Content\"";
				ENABLE_PREVIEWS = YES;
				GENERATE_INFOPLIST_FILE = YES;
				INFOPLIST_KEY_UIApplicationSceneManifest_Generation = YES;
				INFOPLIST_KEY_UIApplicationSupportsIndirectInputEvents = YES;
				INFOPLIST_KEY_UILaunchScreen_Generation = YES;
				INFOPLIST_KEY_UISupportedInterfaceOrientations_iPad = "UIInterfaceOrientationPortrait UIInterfaceOrientationPortraitUpsideDown UIInterfaceOrientationLandscapeLeft UIInterfaceOrientationLandscapeRight";
				INFOPLIST_KEY_UISupportedInterfaceOrientations_iPhone = "UIInterfaceOrientationPortrait UIInterfaceOrientationLandscapeLeft UIInterfaceOrientationLandscapeRight";
				LD_RUNPATH_SEARCH_PATHS = (
					"$(inherited)",
					"@executable_path/Frameworks",
				);
				MARKETING_VERSION = 1.0;
				PRODUCT_BUNDLE_IDENTIFIER = "cibertec.DAMII-Proyecto";
				PRODUCT_NAME = "$(TARGET_NAME)";
				SWIFT_EMIT_LOC_STRINGS = YES;
				SWIFT_VERSION = 5.0;
				TARGETED_DEVICE_FAMILY = "1,2";
			};
			name = Release;
		};
/* End XCBuildConfiguration section */

/* Begin XCConfigurationList section */
		C19650512D0B1B7A002E7E7E /* Build configuration list for PBXProject "DAMII_Proyecto" */ = {
			isa = XCConfigurationList;
			buildConfigurations = (
				C19650672D0B1B81002E7E7E /* Debug */,
				C19650682D0B1B81002E7E7E /* Release */,
			);
			defaultConfigurationIsVisible = 0;
			defaultConfigurationName = Release;
		};
		C19650692D0B1B81002E7E7E /* Build configuration list for PBXNativeTarget "DAMII_Proyecto" */ = {
			isa = XCConfigurationList;
			buildConfigurations = (
				C196506A2D0B1B81002E7E7E /* Debug */,
				C196506B2D0B1B81002E7E7E /* Release */,
			);
			defaultConfigurationIsVisible = 0;
			defaultConfigurationName = Release;
		};
/* End XCConfigurationList section */

/* Begin XCRemoteSwiftPackageReference section */
		B782E6042D1237C900BCC838 /* XCRemoteSwiftPackageReference "Alamofire" */ = {
			isa = XCRemoteSwiftPackageReference;
			repositoryURL = "https://github.com/Alamofire/Alamofire";
			requirement = {
				kind = upToNextMajorVersion;
				minimumVersion = 5.0.0;
			};
		};
/* End XCRemoteSwiftPackageReference section */

/* Begin XCSwiftPackageProductDependency section */
		B782E6052D1237C900BCC838 /* Alamofire */ = {
			isa = XCSwiftPackageProductDependency;
			package = B782E6042D1237C900BCC838 /* XCRemoteSwiftPackageReference "Alamofire" */;
			productName = Alamofire;
		};
/* End XCSwiftPackageProductDependency section */

/* Begin XCVersionGroup section */
		C19650642D0B1B81002E7E7E /* DAMII_Proyecto.xcdatamodeld */ = {
			isa = XCVersionGroup;
			children = (
				C19650652D0B1B81002E7E7E /* DAMII_Proyecto.xcdatamodel */,
			);
			currentVersion = C19650652D0B1B81002E7E7E /* DAMII_Proyecto.xcdatamodel */;
			path = DAMII_Proyecto.xcdatamodeld;
			sourceTree = "<group>";
			versionGroupType = wrapper.xcdatamodel;
		};
/* End XCVersionGroup section */
	};
	rootObject = C196504E2D0B1B7A002E7E7E /* Project object */;
}
